{
  "name": "phased-agent-workflow",
  "version": "0.1.0",
  "lockfileVersion": 3,
  "requires": true,
  "packages": {
    "": {
      "name": "phased-agent-workflow",
      "version": "0.1.0",
      "devDependencies": {
        "@dqbd/tiktoken": "^1.0.0"
      },
      "engines": {
        "node": ">=16.0.0"
      }
    },
    "node_modules/@dqbd/tiktoken": {
      "version": "1.0.22",
      "resolved": "https://registry.npmjs.org/@dqbd/tiktoken/-/tiktoken-1.0.22.tgz",
      "integrity": "sha512-RYhO8xeHkMNX5Ixqf4M1Ve3siCYJY/dI0yLnlX4M4oIEDOvjMIQ+E+3OUpAaZcWTaMtQJzGcDAghYfllpx3i/w==",
      "dev": true,
      "license": "MIT"
    }
  }
}
